{
	"name": "@foretag/vscode-toolkit",
	"version": "0.0.9",
	"lockfileVersion": 2,
	"requires": true,
	"packages": {
		"": {
			"name": "@foretag/vscode-toolkit",
			"version": "0.0.9",
			"dependencies": {
				"fs-extra": "^10.1.0"
			},
			"devDependencies": {
				"@types/fs-extra": "^9.0.13",
				"@types/node": "^18.7.6",
				"@types/vscode": "^1.66.0",
				"typescript": "^4.7.4"
			},
			"engines": {
				"vscode": "^1.66.1"
			}
		},
		"node_modules/@types/fs-extra": {
			"version": "9.0.13",
			"resolved": "https://registry.npmjs.org/@types/fs-extra/-/fs-extra-9.0.13.tgz",
			"integrity": "sha512-nEnwB++1u5lVDM2UI4c1+5R+FYaKfaAzS4OococimjVm3nQw3TuzH5UNsocrcTBbhnerblyHj4A49qXbIiZdpA==",
			"dev": true,
			"dependencies": {
				"@types/node": "*"
			}
		},
		"node_modules/@types/node": {
			"version": "18.7.6",
			"resolved": "https://registry.npmjs.org/@types/node/-/node-18.7.6.tgz",
			"integrity": "sha512-EdxgKRXgYsNITy5mjjXjVE/CS8YENSdhiagGrLqjG0pvA2owgJ6i4l7wy/PFZGC0B1/H20lWKN7ONVDNYDZm7A==",
			"dev": true
		},
		"node_modules/@types/vscode": {
			"version": "1.70.0",
			"dev": true,
			"license": "MIT"
		},
		"node_modules/fs-extra": {
			"version": "10.1.0",
			"license": "MIT",
			"dependencies": {
				"graceful-fs": "^4.2.0",
				"jsonfile": "^6.0.1",
				"universalify": "^2.0.0"
			},
			"engines": {
				"node": ">=12"
			}
		},
		"node_modules/graceful-fs": {
			"version": "4.2.10",
			"license": "ISC"
		},
		"node_modules/jsonfile": {
			"version": "6.1.0",
			"license": "MIT",
			"dependencies": {
				"universalify": "^2.0.0"
			},
			"optionalDependencies": {
				"graceful-fs": "^4.1.6"
			}
		},
		"node_modules/typescript": {
			"version": "4.7.4",
			"dev": true,
			"license": "Apache-2.0",
			"bin": {
				"tsc": "bin/tsc",
				"tsserver": "bin/tsserver"
			},
			"engines": {
				"node": ">=4.2.0"
			}
		},
		"node_modules/universalify": {
			"version": "2.0.0",
			"license": "MIT",
			"engines": {
				"node": ">= 10.0.0"
			}
		}
	},
	"dependencies": {
		"@types/fs-extra": {
			"version": "9.0.13",
			"resolved": "https://registry.npmjs.org/@types/fs-extra/-/fs-extra-9.0.13.tgz",
			"integrity": "sha512-nEnwB++1u5lVDM2UI4c1+5R+FYaKfaAzS4OococimjVm3nQw3TuzH5UNsocrcTBbhnerblyHj4A49qXbIiZdpA==",
			"dev": true,
			"requires": {
				"@types/node": "*"
			}
		},
		"@types/node": {
			"version": "18.7.6",
			"resolved": "https://registry.npmjs.org/@types/node/-/node-18.7.6.tgz",
			"integrity": "sha512-EdxgKRXgYsNITy5mjjXjVE/CS8YENSdhiagGrLqjG0pvA2owgJ6i4l7wy/PFZGC0B1/H20lWKN7ONVDNYDZm7A==",
			"dev": true
		},
		"@types/vscode": {
			"version": "1.70.0",
			"dev": true
		},
		"fs-extra": {
			"version": "10.1.0",
			"requires": {
				"graceful-fs": "^4.2.0",
				"jsonfile": "^6.0.1",
				"universalify": "^2.0.0"
			}
		},
		"graceful-fs": {
			"version": "4.2.10"
		},
		"jsonfile": {
			"version": "6.1.0",
			"requires": {
				"graceful-fs": "^4.1.6",
				"universalify": "^2.0.0"
			}
		},
		"typescript": {
			"version": "4.7.4",
			"dev": true
		},
		"universalify": {
			"version": "2.0.0"
		}
	}
}
